github.com/go-ole/go-ole v1.3.0 h1:Dt6ye7+vXGIKZ7Xtk4s6/xVdGDQynvom7xCFEdWr6uE=
github.com/go-ole/go-ole v1.3.0/go.mod h1:5LS6F96DhAwUc7C+1HLexzMXY1xGRSryjyPPKW6zv78=
github.com/google/flatbuffers v25.9.23+incompatible h1:rGZKv+wOb6QPzIdkM2KxhBZCDrA0DeN6DNmRDrqIsQU=
github.com/google/flatbuffers v25.9.23+incompatible/go.mod h1:1AeVuKshWv4vARoZatz6mlQ0JxURH0Kv5+zNeJKJCa8=
github.com/xll-gen/shm v0.8.15 h1:+lkTf70ryYbU/6L6jRBzRgvgPNZGQOksrODGK89F03s=
github.com/xll-gen/shm v0.8.15/go.mod h1:1iExphNnTM6uYky3usR8LqOUR0mz1urvdgd8W6PiJ88=
github.com/xll-gen/sugar v0.8.10 h1:NlnMDPh7hM5g/ysq4nUyNTOVgf2Z7O6IrEeQEU4DTNw=
github.com/xll-gen/sugar v0.8.10/go.mod h1:k/kQONVQoOsOZVPcLhJLtvU1GW690GMj3jYEtTnakvY=
github.com/xll-gen/types v0.2.19 h1:eVFAjh604C8lU1loMlhub9c4CY0yP0WN4WdigXAPfn4=
github.com/xll-gen/types v0.2.19/go.mod h1:QYoTxSTmx6mEsRYqeAjq3sWSyUyr9PM0MoDGTAHUY7o=
github.com/xll-gen/xll-gen v0.8.37 h1:tCtHvWAzJYAPmZh9cEloHGsHKxzDEiMSqbH+C0ZjWMU=
github.com/xll-gen/xll-gen v0.8.37/go.mod h1:S9kg9L69+WfDsG05C/CNHI2bwUyhxropHcavDsl4K2g=
golang.org/x/sys v0.1.0/go.mod h1:oPkhp1MJrh7nUepCBck5+mAzfO9JrbApNNgaTdGDITg=
golang.org/x/sys v0.33.0 h1:q3i8TbbEz+JRD9ywIRlyRAQbM0qF7hu24q3teo2hbuw=
golang.org/x/sys v0.33.0/go.mod h1:BJP2sWEmIv4KK5OTEluFJCKSidICx8ciO85XgH3Ak8k=
