github.com/go-ole/go-ole v1.3.0 h1:Dt6ye7+vXGIKZ7Xtk4s6/xVdGDQynvom7xCFEdWr6uE=
github.com/go-ole/go-ole v1.3.0/go.mod h1:5LS6F96DhAwUc7C+1HLexzMXY1xGRSryjyPPKW6zv78=
github.com/google/flatbuffers v25.9.23+incompatible h1:rGZKv+wOb6QPzIdkM2KxhBZCDrA0DeN6DNmRDrqIsQU=
github.com/google/flatbuffers v25.9.23+incompatible/go.mod h1:1AeVuKshWv4vARoZatz6mlQ0JxURH0Kv5+zNeJKJCa8=
github.com/xll-gen/shm v0.8.21 h1:VYPOjvQZpM28CVBLoJ9YCB5cMtHBZSS6P/0ghHA7zuc=
github.com/xll-gen/shm v0.8.21/go.mod h1:1iExphNnTM6uYky3usR8LqOUR0mz1urvdgd8W6PiJ88=
github.com/xll-gen/sugar v0.8.13 h1:CKfN6JZ12yl249YCcl+PlrFDK3gXsLoZQ0NZbsxnvpo=
github.com/xll-gen/sugar v0.8.13/go.mod h1:k/kQONVQoOsOZVPcLhJLtvU1GW690GMj3jYEtTnakvY=
github.com/xll-gen/types v0.2.20 h1:G6M082tMps8a9RsfzjbPdI0f+DUdc1Ojn+H//Z0CMyQ=
github.com/xll-gen/types v0.2.20/go.mod h1:QYoTxSTmx6mEsRYqeAjq3sWSyUyr9PM0MoDGTAHUY7o=
github.com/xll-gen/xll-gen v0.8.51 h1:7DG4p75PHybKDTuC8Kqnm8deykYiPi6fQwTk/jtgRtU=
github.com/xll-gen/xll-gen v0.8.51/go.mod h1:w/O1eMHsErnJ5Ughg95INw1xkd9mo46wx+Uukj5J5m4=
golang.org/x/sys v0.1.0/go.mod h1:oPkhp1MJrh7nUepCBck5+mAzfO9JrbApNNgaTdGDITg=
golang.org/x/sys v0.33.0 h1:q3i8TbbEz+JRD9ywIRlyRAQbM0qF7hu24q3teo2hbuw=
golang.org/x/sys v0.33.0/go.mod h1:BJP2sWEmIv4KK5OTEluFJCKSidICx8ciO85XgH3Ak8k=
