github.com/go-ole/go-ole v1.3.0 h1:Dt6ye7+vXGIKZ7Xtk4s6/xVdGDQynvom7xCFEdWr6uE=
github.com/go-ole/go-ole v1.3.0/go.mod h1:5LS6F96DhAwUc7C+1HLexzMXY1xGRSryjyPPKW6zv78=
github.com/google/flatbuffers v25.9.23+incompatible h1:rGZKv+wOb6QPzIdkM2KxhBZCDrA0DeN6DNmRDrqIsQU=
github.com/google/flatbuffers v25.9.23+incompatible/go.mod h1:1AeVuKshWv4vARoZatz6mlQ0JxURH0Kv5+zNeJKJCa8=
github.com/xll-gen/shm v0.9.0 h1:rzbjjFKTh2p7tMKCVyfJwfuK1GzlXMMBuWjjADWPWHA=
github.com/xll-gen/shm v0.9.0/go.mod h1:1iExphNnTM6uYky3usR8LqOUR0mz1urvdgd8W6PiJ88=
github.com/xll-gen/sugar v0.8.14 h1:M+5EDotY/q4E2RT4a6otNgA2eRxNawIfQvi9yWoIuHM=
github.com/xll-gen/sugar v0.8.14/go.mod h1:k/kQONVQoOsOZVPcLhJLtvU1GW690GMj3jYEtTnakvY=
github.com/xll-gen/types v0.2.21 h1:ajNKZpYmgmzJMbl5HUZhS3h9w2egqzlv7H0kdTlCBoA=
github.com/xll-gen/types v0.2.21/go.mod h1:QYoTxSTmx6mEsRYqeAjq3sWSyUyr9PM0MoDGTAHUY7o=
github.com/xll-gen/xll-gen v0.8.53 h1:g5myGG3Iusl2p/OsX2NADDJfEdMT2knF/BFQDkHvTQQ=
github.com/xll-gen/xll-gen v0.8.53/go.mod h1:T3lS4bkA3ZuTMmcPZkrBdwkQdnYs/IKQWfNg9icFf80=
golang.org/x/sys v0.1.0/go.mod h1:oPkhp1MJrh7nUepCBck5+mAzfO9JrbApNNgaTdGDITg=
golang.org/x/sys v0.33.0 h1:q3i8TbbEz+JRD9ywIRlyRAQbM0qF7hu24q3teo2hbuw=
golang.org/x/sys v0.33.0/go.mod h1:BJP2sWEmIv4KK5OTEluFJCKSidICx8ciO85XgH3Ak8k=
